
Microsoft Visual Studio Solution File, Format Version 12.00
# Visual Studio Version 17
VisualStudioVersion = 17.14.36202.13 d17.14
MinimumVisualStudioVersion = 10.0.40219.1
Project("{FAE04EC0-301F-11D3-BF4B-00C04F79EFBC}") = "ELibrary", "ELibrary\ELibrary.csproj", "{732239D6-A4BB-4CD6-A7B2-563AC852DCEB}"
EndProject
Project("{FAE04EC0-301F-11D3-BF4B-00C04F79EFBC}") = "ELibrary.Core", "ELibrary.Core\ELibrary.Core.csproj", "{4F7E324F-D744-44D8-8658-280C69748BD7}"
EndProject
Global
	GlobalSection(SolutionConfigurationPlatforms) = preSolution
		Debug|Any CPU = Debug|Any CPU
		Release|Any CPU = Release|Any CPU
	EndGlobalSection
	GlobalSection(ProjectConfigurationPlatforms) = postSolution
		{732239D6-A4BB-4CD6-A7B2-563AC852DCEB}.Debug|Any CPU.ActiveCfg = Debug|Any CPU
		{732239D6-A4BB-4CD6-A7B2-563AC852DCEB}.Debug|Any CPU.Build.0 = Debug|Any CPU
		{732239D6-A4BB-4CD6-A7B2-563AC852DCEB}.Release|Any CPU.ActiveCfg = Release|Any CPU
		{732239D6-A4BB-4CD6-A7B2-563AC852DCEB}.Release|Any CPU.Build.0 = Release|Any CPU
		{4F7E324F-D744-44D8-8658-280C69748BD7}.Debug|Any CPU.ActiveCfg = Debug|Any CPU
		{4F7E324F-D744-44D8-8658-280C69748BD7}.Debug|Any CPU.Build.0 = Debug|Any CPU
		{4F7E324F-D744-44D8-8658-280C69748BD7}.Release|Any CPU.ActiveCfg = Release|Any CPU
		{4F7E324F-D744-44D8-8658-280C69748BD7}.Release|Any CPU.Build.0 = Release|Any CPU
	EndGlobalSection
	GlobalSection(SolutionProperties) = preSolution
		HideSolutionNode = FALSE
	EndGlobalSection
	GlobalSection(ExtensibilityGlobals) = postSolution
		SolutionGuid = {A0BBBA85-0680-4837-8E1E-C7C284CA578B}
	EndGlobalSection
EndGlobal
